// !$*UTF8*$!
{
	archiveVersion = 1;
	classes = {
	};
	objectVersion = 50;
	objects = {

/* Begin PBXBuildFile section */
		913ED7712830627100E3E0C2 /* CadastroViewController.swift in Sources */ = {isa = PBXBuildFile; fileRef = 913ED7702830627100E3E0C2 /* CadastroViewController.swift */; };
		913ED7732830628500E3E0C2 /* HomeViewController.swift in Sources */ = {isa = PBXBuildFile; fileRef = 913ED7722830628500E3E0C2 /* HomeViewController.swift */; };
		917FA7D22830593900CD33C7 /* AppDelegate.swift in Sources */ = {isa = PBXBuildFile; fileRef = 917FA7D12830593900CD33C7 /* AppDelegate.swift */; };
		917FA7D42830593900CD33C7 /* ViewController.swift in Sources */ = {isa = PBXBuildFile; fileRef = 917FA7D32830593900CD33C7 /* ViewController.swift */; };
		917FA7D72830593900CD33C7 /* Main.storyboard in Resources */ = {isa = PBXBuildFile; fileRef = 917FA7D52830593900CD33C7 /* Main.storyboard */; };
		917FA7D92830593B00CD33C7 /* Assets.xcassets in Resources */ = {isa = PBXBuildFile; fileRef = 917FA7D82830593B00CD33C7 /* Assets.xcassets */; };
		917FA7DC2830593B00CD33C7 /* LaunchScreen.storyboard in Resources */ = {isa = PBXBuildFile; fileRef = 917FA7DA2830593B00CD33C7 /* LaunchScreen.storyboard */; };
		91D8335D2831F15000977A7D /* UIViewExtension.swift in Sources */ = {isa = PBXBuildFile; fileRef = 91D8335C2831F15000977A7D /* UIViewExtension.swift */; };
		91D833602831F8DB00977A7D /* Item.swift in Sources */ = {isa = PBXBuildFile; fileRef = 91D8335F2831F8DB00977A7D /* Item.swift */; };
		91D833622831FB7D00977A7D /* ItemCollectionViewCell.swift in Sources */ = {isa = PBXBuildFile; fileRef = 91D833612831FB7D00977A7D /* ItemCollectionViewCell.swift */; };
/* End PBXBuildFile section */

/* Begin PBXFileReference section */
		913ED7702830627100E3E0C2 /* CadastroViewController.swift */ = {isa = PBXFileReference; lastKnownFileType = sourcecode.swift; path = CadastroViewController.swift; sourceTree = "<group>"; };
		913ED7722830628500E3E0C2 /* HomeViewController.swift */ = {isa = PBXFileReference; lastKnownFileType = sourcecode.swift; path = HomeViewController.swift; sourceTree = "<group>"; };
		917FA7CE2830593900CD33C7 /* PIGGY.app */ = {isa = PBXFileReference; explicitFileType = wrapper.application; includeInIndex = 0; path = PIGGY.app; sourceTree = BUILT_PRODUCTS_DIR; };
		917FA7D12830593900CD33C7 /* AppDelegate.swift */ = {isa = PBXFileReference; lastKnownFileType = sourcecode.swift; path = AppDelegate.swift; sourceTree = "<group>"; };
		917FA7D32830593900CD33C7 /* ViewController.swift */ = {isa = PBXFileReference; lastKnownFileType = sourcecode.swift; path = ViewController.swift; sourceTree = "<group>"; };
		917FA7D62830593900CD33C7 /* Base */ = {isa = PBXFileReference; lastKnownFileType = file.storyboard; name = Base; path = Base.lproj/Main.storyboard; sourceTree = "<group>"; };
		917FA7D82830593B00CD33C7 /* Assets.xcassets */ = {isa = PBXFileReference; lastKnownFileType = folder.assetcatalog; path = Assets.xcassets; sourceTree = "<group>"; };
		917FA7DB2830593B00CD33C7 /* Base */ = {isa = PBXFileReference; lastKnownFileType = file.storyboard; name = Base; path = Base.lproj/LaunchScreen.storyboard; sourceTree = "<group>"; };
		917FA7DD2830593B00CD33C7 /* Info.plist */ = {isa = PBXFileReference; lastKnownFileType = text.plist.xml; path = Info.plist; sourceTree = "<group>"; };
		91D8335C2831F15000977A7D /* UIViewExtension.swift */ = {isa = PBXFileReference; lastKnownFileType = sourcecode.swift; path = UIViewExtension.swift; sourceTree = "<group>"; };
		91D8335F2831F8DB00977A7D /* Item.swift */ = {isa = PBXFileReference; lastKnownFileType = sourcecode.swift; path = Item.swift; sourceTree = "<group>"; };
		91D833612831FB7D00977A7D /* ItemCollectionViewCell.swift */ = {isa = PBXFileReference; lastKnownFileType = sourcecode.swift; path = ItemCollectionViewCell.swift; sourceTree = "<group>"; };
/* End PBXFileReference section */

/* Begin PBXFrameworksBuildPhase section */
		917FA7CB2830593900CD33C7 /* Frameworks */ = {
			isa = PBXFrameworksBuildPhase;
			buildActionMask = 2147483647;
			files = (
			);
			runOnlyForDeploymentPostprocessing = 0;
		};
/* End PBXFrameworksBuildPhase section */

/* Begin PBXGroup section */
		917FA7C52830593900CD33C7 = {
			isa = PBXGroup;
			children = (
				917FA7D02830593900CD33C7 /* PIGGY */,
				917FA7CF2830593900CD33C7 /* Products */,
			);
			sourceTree = "<group>";
		};
		917FA7CF2830593900CD33C7 /* Products */ = {
			isa = PBXGroup;
			children = (
				917FA7CE2830593900CD33C7 /* PIGGY.app */,
			);
			name = Products;
			sourceTree = "<group>";
		};
		917FA7D02830593900CD33C7 /* PIGGY */ = {
			isa = PBXGroup;
			children = (
				91D8335E2831F8C000977A7D /* model */,
				91D8335B2831F10100977A7D /* extensions */,
				917FA7E52830610E00CD33C7 /* view */,
				917FA7E3283060C300CD33C7 /* controller */,
				917FA7D12830593900CD33C7 /* AppDelegate.swift */,
				917FA7D82830593B00CD33C7 /* Assets.xcassets */,
				917FA7DA2830593B00CD33C7 /* LaunchScreen.storyboard */,
				917FA7DD2830593B00CD33C7 /* Info.plist */,
				91D833612831FB7D00977A7D /* ItemCollectionViewCell.swift */,
			);
			path = PIGGY;
			sourceTree = "<group>";
		};
		917FA7E3283060C300CD33C7 /* controller */ = {
			isa = PBXGroup;
			children = (
				917FA7D32830593900CD33C7 /* ViewController.swift */,
				913ED7702830627100E3E0C2 /* CadastroViewController.swift */,
				913ED7722830628500E3E0C2 /* HomeViewController.swift */,
			);
			path = controller;
			sourceTree = "<group>";
		};
		917FA7E52830610E00CD33C7 /* view */ = {
			isa = PBXGroup;
			children = (
				917FA7D52830593900CD33C7 /* Main.storyboard */,
			);
			path = view;
			sourceTree = "<group>";
		};
		91D8335B2831F10100977A7D /* extensions */ = {
			isa = PBXGroup;
			children = (
				91D8335C2831F15000977A7D /* UIViewExtension.swift */,
			);
			path = extensions;
			sourceTree = "<group>";
		};
		91D8335E2831F8C000977A7D /* model */ = {
			isa = PBXGroup;
			children = (
				91D8335F2831F8DB00977A7D /* Item.swift */,
			);
			path = model;
			sourceTree = "<group>";
		};
/* End PBXGroup section */

/* Begin PBXNativeTarget section */
		917FA7CD2830593900CD33C7 /* PIGGY */ = {
			isa = PBXNativeTarget;
			buildConfigurationList = 917FA7E02830593B00CD33C7 /* Build configuration list for PBXNativeTarget "PIGGY" */;
			buildPhases = (
				917FA7CA2830593900CD33C7 /* Sources */,
				917FA7CB2830593900CD33C7 /* Frameworks */,
				917FA7CC2830593900CD33C7 /* Resources */,
			);
			buildRules = (
			);
			dependencies = (
			);
			name = PIGGY;
			productName = PIGGY;
			productReference = 917FA7CE2830593900CD33C7 /* PIGGY.app */;
			productType = "com.apple.product-type.application";
		};
/* End PBXNativeTarget section */

/* Begin PBXProject section */
		917FA7C62830593900CD33C7 /* Project object */ = {
			isa = PBXProject;
			attributes = {
				LastSwiftUpdateCheck = 1010;
				LastUpgradeCheck = 1010;
				ORGANIZATIONNAME = "Kamylle Wilgozz";
				TargetAttributes = {
					917FA7CD2830593900CD33C7 = {
						CreatedOnToolsVersion = 10.1;
					};
				};
			};
			buildConfigurationList = 917FA7C92830593900CD33C7 /* Build configuration list for PBXProject "PIGGY" */;
			compatibilityVersion = "Xcode 9.3";
			developmentRegion = en;
			hasScannedForEncodings = 0;
			knownRegions = (
				en,
				Base,
			);
			mainGroup = 917FA7C52830593900CD33C7;
			productRefGroup = 917FA7CF2830593900CD33C7 /* Products */;
			projectDirPath = "";
			projectRoot = "";
			targets = (
				917FA7CD2830593900CD33C7 /* PIGGY */,
			);
		};
/* End PBXProject section */

/* Begin PBXResourcesBuildPhase section */
		917FA7CC2830593900CD33C7 /* Resources */ = {
			isa = PBXResourcesBuildPhase;
			buildActionMask = 2147483647;
			files = (
				917FA7DC2830593B00CD33C7 /* LaunchScreen.storyboard in Resources */,
				917FA7D92830593B00CD33C7 /* Assets.xcassets in Resources */,
				917FA7D72830593900CD33C7 /* Main.storyboard in Resources */,
			);
			runOnlyForDeploymentPostprocessing = 0;
		};
/* End PBXResourcesBuildPhase section */

/* Begin PBXSourcesBuildPhase section */
		917FA7CA2830593900CD33C7 /* Sources */ = {
			isa = PBXSourcesBuildPhase;
			buildActionMask = 2147483647;
			files = (
				91D8335D2831F15000977A7D /* UIViewExtension.swift in Sources */,
				917FA7D42830593900CD33C7 /* ViewController.swift in Sources */,
				913ED7712830627100E3E0C2 /* CadastroViewController.swift in Sources */,
				917FA7D22830593900CD33C7 /* AppDelegate.swift in Sources */,
				91D833602831F8DB00977A7D /* Item.swift in Sources */,
				913ED7732830628500E3E0C2 /* HomeViewController.swift in Sources */,
				91D833622831FB7D00977A7D /* ItemCollectionViewCell.swift in Sources */,
			);
			runOnlyForDeploymentPostprocessing = 0;
		};
/* End PBXSourcesBuildPhase section */

/* Begin PBXVariantGroup section */
		917FA7D52830593900CD33C7 /* Main.storyboard */ = {
			isa = PBXVariantGroup;
			children = (
				917FA7D62830593900CD33C7 /* Base */,
			);
			name = Main.storyboard;
			sourceTree = "<group>";
		};
		917FA7DA2830593B00CD33C7 /* LaunchScreen.storyboard */ = {
			isa = PBXVariantGroup;
			children = (
				917FA7DB2830593B00CD33C7 /* Base */,
			);
			name = LaunchScreen.storyboard;
			sourceTree = "<group>";
		};
/* End PBXVariantGroup section */

/* Begin XCBuildConfiguration section */
		917FA7DE2830593B00CD33C7 /* Debug */ = {
			isa = XCBuildConfiguration;
			buildSettings = {
				ALWAYS_SEARCH_USER_PATHS = NO;
				CLANG_ANALYZER_NONNULL = YES;
				CLANG_ANALYZER_NUMBER_OBJECT_CONVERSION = YES_AGGRESSIVE;
				CLANG_CXX_LANGUAGE_STANDARD = "gnu++14";
				CLANG_CXX_LIBRARY = "libc++";
				CLANG_ENABLE_MODULES = YES;
				CLANG_ENABLE_OBJC_ARC = YES;
				CLANG_ENABLE_OBJC_WEAK = YES;
				CLANG_WARN_BLOCK_CAPTURE_AUTORELEASING = YES;
				CLANG_WARN_BOOL_CONVERSION = YES;
				CLANG_WARN_COMMA = YES;
				CLANG_WARN_CONSTANT_CONVERSION = YES;
				CLANG_WARN_DEPRECATED_OBJC_IMPLEMENTATIONS = YES;
				CLANG_WARN_DIRECT_OBJC_ISA_USAGE = YES_ERROR;
				CLANG_WARN_DOCUMENTATION_COMMENTS = YES;
				CLANG_WARN_EMPTY_BODY = YES;
				CLANG_WARN_ENUM_CONVERSION = YES;
				CLANG_WARN_INFINITE_RECURSION = YES;
				CLANG_WARN_INT_CONVERSION = YES;
				CLANG_WARN_NON_LITERAL_NULL_CONVERSION = YES;
				CLANG_WARN_OBJC_IMPLICIT_RETAIN_SELF = YES;
				CLANG_WARN_OBJC_LITERAL_CONVERSION = YES;
				CLANG_WARN_OBJC_ROOT_CLASS = YES_ERROR;
				CLANG_WARN_RANGE_LOOP_ANALYSIS = YES;
				CLANG_WARN_STRICT_PROTOTYPES = YES;
				CLANG_WARN_SUSPICIOUS_MOVE = YES;
				CLANG_WARN_UNGUARDED_AVAILABILITY = YES_AGGRESSIVE;
				CLANG_WARN_UNREACHABLE_CODE = YES;
				CLANG_WARN__DUPLICATE_METHOD_MATCH = YES;
				CODE_SIGN_IDENTITY = "iPhone Developer";
				COPY_PHASE_STRIP = NO;
				DEBUG_INFORMATION_FORMAT = dwarf;
				ENABLE_STRICT_OBJC_MSGSEND = YES;
				ENABLE_TESTABILITY = YES;
				GCC_C_LANGUAGE_STANDARD = gnu11;
				GCC_DYNAMIC_NO_PIC = NO;
				GCC_NO_COMMON_BLOCKS = YES;
				GCC_OPTIMIZATION_LEVEL = 0;
				GCC_PREPROCESSOR_DEFINITIONS = (
					"DEBUG=1",
					"$(inherited)",
				);
				GCC_WARN_64_TO_32_BIT_CONVERSION = YES;
				GCC_WARN_ABOUT_RETURN_TYPE = YES_ERROR;
				GCC_WARN_UNDECLARED_SELECTOR = YES;
				GCC_WARN_UNINITIALIZED_AUTOS = YES_AGGRESSIVE;
				GCC_WARN_UNUSED_FUNCTION = YES;
				GCC_WARN_UNUSED_VARIABLE = YES;
				IPHONEOS_DEPLOYMENT_TARGET = 12.1;
				MTL_ENABLE_DEBUG_INFO = INCLUDE_SOURCE;
				MTL_FAST_MATH = YES;
				ONLY_ACTIVE_ARCH = YES;
				SDKROOT = iphoneos;
				SWIFT_ACTIVE_COMPILATION_CONDITIONS = DEBUG;
				SWIFT_OPTIMIZATION_LEVEL = "-Onone";
			};
			name = Debug;
		};
		917FA7DF2830593B00CD33C7 /* Release */ = {
			isa = XCBuildConfiguration;
			buildSettings = {
				ALWAYS_SEARCH_USER_PATHS = NO;
				CLANG_ANALYZER_NONNULL = YES;
				CLANG_ANALYZER_NUMBER_OBJECT_CONVERSION = YES_AGGRESSIVE;
				CLANG_CXX_LANGUAGE_STANDARD = "gnu++14";
				CLANG_CXX_LIBRARY = "libc++";
				CLANG_ENABLE_MODULES = YES;
				CLANG_ENABLE_OBJC_ARC = YES;
				CLANG_ENABLE_OBJC_WEAK = YES;
				CLANG_WARN_BLOCK_CAPTURE_AUTORELEASING = YES;
				CLANG_WARN_BOOL_CONVERSION = YES;
				CLANG_WARN_COMMA = YES;
				CLANG_WARN_CONSTANT_CONVERSION = YES;
				CLANG_WARN_DEPRECATED_OBJC_IMPLEMENTATIONS = YES;
				CLANG_WARN_DIRECT_OBJC_ISA_USAGE = YES_ERROR;
				CLANG_WARN_DOCUMENTATION_COMMENTS = YES;
				CLANG_WARN_EMPTY_BODY = YES;
				CLANG_WARN_ENUM_CONVERSION = YES;
				CLANG_WARN_INFINITE_RECURSION = YES;
				CLANG_WARN_INT_CONVERSION = YES;
				CLANG_WARN_NON_LITERAL_NULL_CONVERSION = YES;
				CLANG_WARN_OBJC_IMPLICIT_RETAIN_SELF = YES;
				CLANG_WARN_OBJC_LITERAL_CONVERSION = YES;
				CLANG_WARN_OBJC_ROOT_CLASS = YES_ERROR;
				CLANG_WARN_RANGE_LOOP_ANALYSIS = YES;
				CLANG_WARN_STRICT_PROTOTYPES = YES;
				CLANG_WARN_SUSPICIOUS_MOVE = YES;
				CLANG_WARN_UNGUARDED_AVAILABILITY = YES_AGGRESSIVE;
				CLANG_WARN_UNREACHABLE_CODE = YES;
				CLANG_WARN__DUPLICATE_METHOD_MATCH = YES;
				CODE_SIGN_IDENTITY = "iPhone Developer";
				COPY_PHASE_STRIP = NO;
				DEBUG_INFORMATION_FORMAT = "dwarf-with-dsym";
				ENABLE_NS_ASSERTIONS = NO;
				ENABLE_STRICT_OBJC_MSGSEND = YES;
				GCC_C_LANGUAGE_STANDARD = gnu11;
				GCC_NO_COMMON_BLOCKS = YES;
				GCC_WARN_64_TO_32_BIT_CONVERSION = YES;
				GCC_WARN_ABOUT_RETURN_TYPE = YES_ERROR;
				GCC_WARN_UNDECLARED_SELECTOR = YES;
				GCC_WARN_UNINITIALIZED_AUTOS = YES_AGGRESSIVE;
				GCC_WARN_UNUSED_FUNCTION = YES;
				GCC_WARN_UNUSED_VARIABLE = YES;
				IPHONEOS_DEPLOYMENT_TARGET = 12.1;
				MTL_ENABLE_DEBUG_INFO = NO;
				MTL_FAST_MATH = YES;
				SDKROOT = iphoneos;
				SWIFT_COMPILATION_MODE = wholemodule;
				SWIFT_OPTIMIZATION_LEVEL = "-O";
				VALIDATE_PRODUCT = YES;
			};
			name = Release;
		};
		917FA7E12830593B00CD33C7 /* Debug */ = {
			isa = XCBuildConfiguration;
			buildSettings = {
				ASSETCATALOG_COMPILER_APPICON_NAME = AppIcon;
				CODE_SIGN_STYLE = Automatic;
				DEVELOPMENT_TEAM = A93ZHH4ZPS;
				INFOPLIST_FILE = PIGGY/Info.plist;
				LD_RUNPATH_SEARCH_PATHS = (
					"$(inherited)",
					"@executable_path/Frameworks",
				);
				PRODUCT_BUNDLE_IDENTIFIER = br.com.pucpr.PIGGY;
				PRODUCT_NAME = "$(TARGET_NAME)";
				SWIFT_VERSION = 4.2;
				TARGETED_DEVICE_FAMILY = "1,2";
			};
			name = Debug;
		};
		917FA7E22830593B00CD33C7 /* Release */ = {
			isa = XCBuildConfiguration;
			buildSettings = {
				ASSETCATALOG_COMPILER_APPICON_NAME = AppIcon;
				CODE_SIGN_STYLE = Automatic;
				DEVELOPMENT_TEAM = A93ZHH4ZPS;
				INFOPLIST_FILE = PIGGY/Info.plist;
				LD_RUNPATH_SEARCH_PATHS = (
					"$(inherited)",
					"@executable_path/Frameworks",
				);
				PRODUCT_BUNDLE_IDENTIFIER = br.com.pucpr.PIGGY;
				PRODUCT_NAME = "$(TARGET_NAME)";
				SWIFT_VERSION = 4.2;
				TARGETED_DEVICE_FAMILY = "1,2";
			};
			name = Release;
		};
/* End XCBuildConfiguration section */

/* Begin XCConfigurationList section */
		917FA7C92830593900CD33C7 /* Build configuration list for PBXProject "PIGGY" */ = {
			isa = XCConfigurationList;
			buildConfigurations = (
				917FA7DE2830593B00CD33C7 /* Debug */,
				917FA7DF2830593B00CD33C7 /* Release */,
			);
			defaultConfigurationIsVisible = 0;
			defaultConfigurationName = Release;
		};
		917FA7E02830593B00CD33C7 /* Build configuration list for PBXNativeTarget "PIGGY" */ = {
			isa = XCConfigurationList;
			buildConfigurations = (
				917FA7E12830593B00CD33C7 /* Debug */,
				917FA7E22830593B00CD33C7 /* Release */,
			);
			defaultConfigurationIsVisible = 0;
			defaultConfigurationName = Release;
		};
/* End XCConfigurationList section */
	};
	rootObject = 917FA7C62830593900CD33C7 /* Project object */;
}
